
Microsoft Visual Studio Solution File, Format Version 12.00
# Visual Studio 15
VisualStudioVersion = 15.0.28307.705
MinimumVisualStudioVersion = 10.0.40219.1
Project("{FAE04EC0-301F-11D3-BF4B-00C04F79EFBC}") = "YoutubeDownloader", "YoutubeDownloader\YoutubeDownloader.csproj", "{EBF98A97-29A5-4351-BCD5-608B349F404C}"
EndProject
Global
	GlobalSection(SolutionConfigurationPlatforms) = preSolution
		Debug|Any CPU = Debug|Any CPU
		Release|Any CPU = Release|Any CPU
	EndGlobalSection
	GlobalSection(ProjectConfigurationPlatforms) = postSolution
		{EBF98A97-29A5-4351-BCD5-608B349F404C}.Debug|Any CPU.ActiveCfg = Debug|Any CPU
		{EBF98A97-29A5-4351-BCD5-608B349F404C}.Debug|Any CPU.Build.0 = Debug|Any CPU
		{EBF98A97-29A5-4351-BCD5-608B349F404C}.Release|Any CPU.ActiveCfg = Release|Any CPU
		{EBF98A97-29A5-4351-BCD5-608B349F404C}.Release|Any CPU.Build.0 = Release|Any CPU
	EndGlobalSection
	GlobalSection(SolutionProperties) = preSolution
		HideSolutionNode = FALSE
	EndGlobalSection
	GlobalSection(ExtensibilityGlobals) = postSolution
		SolutionGuid = {B0F2985D-4F7B-474E-869E-C75E97C2971C}
	EndGlobalSection
EndGlobal
